// !$*UTF8*$!
{
	archiveVersion = 1;
	classes = {
	};
	objectVersion = 46;
	objects = {

/* Begin PBXBuildFile section */
		53D263B044F01A94D637F1F9 /* Pods_InstagramApp.framework in Frameworks */ = {isa = PBXBuildFile; fileRef = 93556C5869C99CD19982353F /* Pods_InstagramApp.framework */; };
		740E623D1C8C0591005BC71A /* Post.swift in Sources */ = {isa = PBXBuildFile; fileRef = 740E623C1C8C0591005BC71A /* Post.swift */; };
		740E623F1C8C05D2005BC71A /* PhotoViewController.swift in Sources */ = {isa = PBXBuildFile; fileRef = 740E623E1C8C05D2005BC71A /* PhotoViewController.swift */; };
		74174BE41C8556660061602B /* AppDelegate.swift in Sources */ = {isa = PBXBuildFile; fileRef = 74174BE31C8556660061602B /* AppDelegate.swift */; };
		74174BE61C8556660061602B /* ViewController.swift in Sources */ = {isa = PBXBuildFile; fileRef = 74174BE51C8556660061602B /* ViewController.swift */; };
		74174BE91C8556660061602B /* Main.storyboard in Resources */ = {isa = PBXBuildFile; fileRef = 74174BE71C8556660061602B /* Main.storyboard */; };
		74174BEB1C8556660061602B /* Assets.xcassets in Resources */ = {isa = PBXBuildFile; fileRef = 74174BEA1C8556660061602B /* Assets.xcassets */; };
		74174BEE1C8556660061602B /* LaunchScreen.storyboard in Resources */ = {isa = PBXBuildFile; fileRef = 74174BEC1C8556660061602B /* LaunchScreen.storyboard */; };
		743E607C1C8D3109001E1780 /* PostsViewController.swift in Sources */ = {isa = PBXBuildFile; fileRef = 743E607B1C8D3109001E1780 /* PostsViewController.swift */; };
		743E607E1C8D3A7E001E1780 /* PostsCell.swift in Sources */ = {isa = PBXBuildFile; fileRef = 743E607D1C8D3A7E001E1780 /* PostsCell.swift */; };
		748D45661C855A4500382724 /* LoginViewController.swift in Sources */ = {isa = PBXBuildFile; fileRef = 748D45651C855A4500382724 /* LoginViewController.swift */; };
/* End PBXBuildFile section */

/* Begin PBXFileReference section */
		740E623C1C8C0591005BC71A /* Post.swift */ = {isa = PBXFileReference; fileEncoding = 4; lastKnownFileType = sourcecode.swift; path = Post.swift; sourceTree = "<group>"; };
		740E623E1C8C05D2005BC71A /* PhotoViewController.swift */ = {isa = PBXFileReference; fileEncoding = 4; lastKnownFileType = sourcecode.swift; path = PhotoViewController.swift; sourceTree = "<group>"; };
		74174BE01C8556660061602B /* InstagramApp.app */ = {isa = PBXFileReference; explicitFileType = wrapper.application; includeInIndex = 0; path = InstagramApp.app; sourceTree = BUILT_PRODUCTS_DIR; };
		74174BE31C8556660061602B /* AppDelegate.swift */ = {isa = PBXFileReference; lastKnownFileType = sourcecode.swift; path = AppDelegate.swift; sourceTree = "<group>"; };
		74174BE51C8556660061602B /* ViewController.swift */ = {isa = PBXFileReference; lastKnownFileType = sourcecode.swift; path = ViewController.swift; sourceTree = "<group>"; };
		74174BE81C8556660061602B /* Base */ = {isa = PBXFileReference; lastKnownFileType = file.storyboard; name = Base; path = Base.lproj/Main.storyboard; sourceTree = "<group>"; };
		74174BEA1C8556660061602B /* Assets.xcassets */ = {isa = PBXFileReference; lastKnownFileType = folder.assetcatalog; path = Assets.xcassets; sourceTree = "<group>"; };
		74174BED1C8556660061602B /* Base */ = {isa = PBXFileReference; lastKnownFileType = file.storyboard; name = Base; path = Base.lproj/LaunchScreen.storyboard; sourceTree = "<group>"; };
		74174BEF1C8556660061602B /* Info.plist */ = {isa = PBXFileReference; lastKnownFileType = text.plist.xml; path = Info.plist; sourceTree = "<group>"; };
		743E607B1C8D3109001E1780 /* PostsViewController.swift */ = {isa = PBXFileReference; fileEncoding = 4; lastKnownFileType = sourcecode.swift; path = PostsViewController.swift; sourceTree = "<group>"; };
		743E607D1C8D3A7E001E1780 /* PostsCell.swift */ = {isa = PBXFileReference; fileEncoding = 4; lastKnownFileType = sourcecode.swift; path = PostsCell.swift; sourceTree = "<group>"; };
		748D45651C855A4500382724 /* LoginViewController.swift */ = {isa = PBXFileReference; fileEncoding = 4; lastKnownFileType = sourcecode.swift; path = LoginViewController.swift; sourceTree = "<group>"; };
		93556C5869C99CD19982353F /* Pods_InstagramApp.framework */ = {isa = PBXFileReference; explicitFileType = wrapper.framework; includeInIndex = 0; path = Pods_InstagramApp.framework; sourceTree = BUILT_PRODUCTS_DIR; };
		DBFF4807E726068755136830 /* Pods-InstagramApp.release.xcconfig */ = {isa = PBXFileReference; includeInIndex = 1; lastKnownFileType = text.xcconfig; name = "Pods-InstagramApp.release.xcconfig"; path = "Pods/Target Support Files/Pods-InstagramApp/Pods-InstagramApp.release.xcconfig"; sourceTree = "<group>"; };
		E90C32B5B0D83D8734BF6147 /* Pods-InstagramApp.debug.xcconfig */ = {isa = PBXFileReference; includeInIndex = 1; lastKnownFileType = text.xcconfig; name = "Pods-InstagramApp.debug.xcconfig"; path = "Pods/Target Support Files/Pods-InstagramApp/Pods-InstagramApp.debug.xcconfig"; sourceTree = "<group>"; };
/* End PBXFileReference section */

/* Begin PBXFrameworksBuildPhase section */
		74174BDD1C8556660061602B /* Frameworks */ = {
			isa = PBXFrameworksBuildPhase;
			buildActionMask = 2147483647;
			files = (
				53D263B044F01A94D637F1F9 /* Pods_InstagramApp.framework in Frameworks */,
			);
			runOnlyForDeploymentPostprocessing = 0;
		};
/* End PBXFrameworksBuildPhase section */

/* Begin PBXGroup section */
		62F66F18E4E64ED8446329C3 /* Frameworks */ = {
			isa = PBXGroup;
			children = (
				93556C5869C99CD19982353F /* Pods_InstagramApp.framework */,
			);
			name = Frameworks;
			sourceTree = "<group>";
		};
		74174BD71C8556660061602B = {
			isa = PBXGroup;
			children = (
				74174BE21C8556660061602B /* InstagramApp */,
				74174BE11C8556660061602B /* Products */,
				F571C428A75733F9182A4FB5 /* Pods */,
				62F66F18E4E64ED8446329C3 /* Frameworks */,
			);
			sourceTree = "<group>";
		};
		74174BE11C8556660061602B /* Products */ = {
			isa = PBXGroup;
			children = (
				74174BE01C8556660061602B /* InstagramApp.app */,
			);
			name = Products;
			sourceTree = "<group>";
		};
		74174BE21C8556660061602B /* InstagramApp */ = {
			isa = PBXGroup;
			children = (
				74174BE31C8556660061602B /* AppDelegate.swift */,
				74174BE51C8556660061602B /* ViewController.swift */,
				74174BE71C8556660061602B /* Main.storyboard */,
				74174BEA1C8556660061602B /* Assets.xcassets */,
				74174BEC1C8556660061602B /* LaunchScreen.storyboard */,
				74174BEF1C8556660061602B /* Info.plist */,
				748D45651C855A4500382724 /* LoginViewController.swift */,
				740E623C1C8C0591005BC71A /* Post.swift */,
				740E623E1C8C05D2005BC71A /* PhotoViewController.swift */,
				743E607B1C8D3109001E1780 /* PostsViewController.swift */,
				743E607D1C8D3A7E001E1780 /* PostsCell.swift */,
			);
			path = InstagramApp;
			sourceTree = "<group>";
		};
		F571C428A75733F9182A4FB5 /* Pods */ = {
			isa = PBXGroup;
			children = (
				E90C32B5B0D83D8734BF6147 /* Pods-InstagramApp.debug.xcconfig */,
				DBFF4807E726068755136830 /* Pods-InstagramApp.release.xcconfig */,
			);
			name = Pods;
			sourceTree = "<group>";
		};
/* End PBXGroup section */

/* Begin PBXNativeTarget section */
		74174BDF1C8556660061602B /* InstagramApp */ = {
			isa = PBXNativeTarget;
			buildConfigurationList = 74174BF21C8556660061602B /* Build configuration list for PBXNativeTarget "InstagramApp" */;
			buildPhases = (
				9029F40B9CCADD241E00B3C8 /* Check Pods Manifest.lock */,
				74174BDC1C8556660061602B /* Sources */,
				74174BDD1C8556660061602B /* Frameworks */,
				74174BDE1C8556660061602B /* Resources */,
				AF926DFEB5FA137C5413819B /* Embed Pods Frameworks */,
				7B9406729D93BF39B7B172FD /* Copy Pods Resources */,
			);
			buildRules = (
			);
			dependencies = (
			);
			name = InstagramApp;
			productName = InstagramApp;
			productReference = 74174BE01C8556660061602B /* InstagramApp.app */;
			productType = "com.apple.product-type.application";
		};
/* End PBXNativeTarget section */

/* Begin PBXProject section */
		74174BD81C8556660061602B /* Project object */ = {
			isa = PBXProject;
			attributes = {
				LastSwiftUpdateCheck = 0720;
				LastUpgradeCheck = 0720;
				ORGANIZATIONNAME = jinseokpark;
				TargetAttributes = {
					74174BDF1C8556660061602B = {
						CreatedOnToolsVersion = 7.2;
						DevelopmentTeam = 379EVXMM85;
					};
				};
			};
			buildConfigurationList = 74174BDB1C8556660061602B /* Build configuration list for PBXProject "InstagramApp" */;
			compatibilityVersion = "Xcode 3.2";
			developmentRegion = English;
			hasScannedForEncodings = 0;
			knownRegions = (
				en,
				Base,
			);
			mainGroup = 74174BD71C8556660061602B;
			productRefGroup = 74174BE11C8556660061602B /* Products */;
			projectDirPath = "";
			projectRoot = "";
			targets = (
				74174BDF1C8556660061602B /* InstagramApp */,
			);
		};
/* End PBXProject section */

/* Begin PBXResourcesBuildPhase section */
		74174BDE1C8556660061602B /* Resources */ = {
			isa = PBXResourcesBuildPhase;
			buildActionMask = 2147483647;
			files = (
				74174BEE1C8556660061602B /* LaunchScreen.storyboard in Resources */,
				74174BEB1C8556660061602B /* Assets.xcassets in Resources */,
				74174BE91C8556660061602B /* Main.storyboard in Resources */,
			);
			runOnlyForDeploymentPostprocessing = 0;
		};
/* End PBXResourcesBuildPhase section */

/* Begin PBXShellScriptBuildPhase section */
		7B9406729D93BF39B7B172FD /* Copy Pods Resources */ = {
			isa = PBXShellScriptBuildPhase;
			buildActionMask = 2147483647;
			files = (
			);
			inputPaths = (
			);
			name = "Copy Pods Resources";
			outputPaths = (
			);
			runOnlyForDeploymentPostprocessing = 0;
			shellPath = /bin/sh;
			shellScript = "\"${SRCROOT}/Pods/Target Support Files/Pods-InstagramApp/Pods-InstagramApp-resources.sh\"\n";
			showEnvVarsInLog = 0;
		};
		9029F40B9CCADD241E00B3C8 /* Check Pods Manifest.lock */ = {
			isa = PBXShellScriptBuildPhase;
			buildActionMask = 2147483647;
			files = (
			);
			inputPaths = (
			);
			name = "Check Pods Manifest.lock";
			outputPaths = (
			);
			runOnlyForDeploymentPostprocessing = 0;
			shellPath = /bin/sh;
			shellScript = "diff \"${PODS_ROOT}/../Podfile.lock\" \"${PODS_ROOT}/Manifest.lock\" > /dev/null\nif [[ $? != 0 ]] ; then\n    cat << EOM\nerror: The sandbox is not in sync with the Podfile.lock. Run 'pod install' or update your CocoaPods installation.\nEOM\n    exit 1\nfi\n";
			showEnvVarsInLog = 0;
		};
		AF926DFEB5FA137C5413819B /* Embed Pods Frameworks */ = {
			isa = PBXShellScriptBuildPhase;
			buildActionMask = 2147483647;
			files = (
			);
			inputPaths = (
			);
			name = "Embed Pods Frameworks";
			outputPaths = (
			);
			runOnlyForDeploymentPostprocessing = 0;
			shellPath = /bin/sh;
			shellScript = "\"${SRCROOT}/Pods/Target Support Files/Pods-InstagramApp/Pods-InstagramApp-frameworks.sh\"\n";
			showEnvVarsInLog = 0;
		};
/* End PBXShellScriptBuildPhase section */

/* Begin PBXSourcesBuildPhase section */
		74174BDC1C8556660061602B /* Sources */ = {
			isa = PBXSourcesBuildPhase;
			buildActionMask = 2147483647;
			files = (
				743E607C1C8D3109001E1780 /* PostsViewController.swift in Sources */,
				748D45661C855A4500382724 /* LoginViewController.swift in Sources */,
				74174BE61C8556660061602B /* ViewController.swift in Sources */,
				74174BE41C8556660061602B /* AppDelegate.swift in Sources */,
				740E623D1C8C0591005BC71A /* Post.swift in Sources */,
				743E607E1C8D3A7E001E1780 /* PostsCell.swift in Sources */,
				740E623F1C8C05D2005BC71A /* PhotoViewController.swift in Sources */,
			);
			runOnlyForDeploymentPostprocessing = 0;
		};
/* End PBXSourcesBuildPhase section */

/* Begin PBXVariantGroup section */
		74174BE71C8556660061602B /* Main.storyboard */ = {
			isa = PBXVariantGroup;
			children = (
				74174BE81C8556660061602B /* Base */,
			);
			name = Main.storyboard;
			sourceTree = "<group>";
		};
		74174BEC1C8556660061602B /* LaunchScreen.storyboard */ = {
			isa = PBXVariantGroup;
			children = (
				74174BED1C8556660061602B /* Base */,
			);
			name = LaunchScreen.storyboard;
			sourceTree = "<group>";
		};
/* End PBXVariantGroup section */

/* Begin XCBuildConfiguration section */
		74174BF01C8556660061602B /* Debug */ = {
			isa = XCBuildConfiguration;
			buildSettings = {
				ALWAYS_SEARCH_USER_PATHS = NO;
				CLANG_CXX_LANGUAGE_STANDARD = "gnu++0x";
				CLANG_CXX_LIBRARY = "libc++";
				CLANG_ENABLE_MODULES = YES;
				CLANG_ENABLE_OBJC_ARC = YES;
				CLANG_WARN_BOOL_CONVERSION = YES;
				CLANG_WARN_CONSTANT_CONVERSION = YES;
				CLANG_WARN_DIRECT_OBJC_ISA_USAGE = YES_ERROR;
				CLANG_WARN_EMPTY_BODY = YES;
				CLANG_WARN_ENUM_CONVERSION = YES;
				CLANG_WARN_INT_CONVERSION = YES;
				CLANG_WARN_OBJC_ROOT_CLASS = YES_ERROR;
				CLANG_WARN_UNREACHABLE_CODE = YES;
				CLANG_WARN__DUPLICATE_METHOD_MATCH = YES;
				"CODE_SIGN_IDENTITY[sdk=iphoneos*]" = "iPhone Developer";
				COPY_PHASE_STRIP = NO;
				DEBUG_INFORMATION_FORMAT = dwarf;
				ENABLE_STRICT_OBJC_MSGSEND = YES;
				ENABLE_TESTABILITY = YES;
				GCC_C_LANGUAGE_STANDARD = gnu99;
				GCC_DYNAMIC_NO_PIC = NO;
				GCC_NO_COMMON_BLOCKS = YES;
				GCC_OPTIMIZATION_LEVEL = 0;
				GCC_PREPROCESSOR_DEFINITIONS = (
					"DEBUG=1",
					"$(inherited)",
				);
				GCC_WARN_64_TO_32_BIT_CONVERSION = YES;
				GCC_WARN_ABOUT_RETURN_TYPE = YES_ERROR;
				GCC_WARN_UNDECLARED_SELECTOR = YES;
				GCC_WARN_UNINITIALIZED_AUTOS = YES_AGGRESSIVE;
				GCC_WARN_UNUSED_FUNCTION = YES;
				GCC_WARN_UNUSED_VARIABLE = YES;
				IPHONEOS_DEPLOYMENT_TARGET = 9.2;
				MTL_ENABLE_DEBUG_INFO = YES;
				ONLY_ACTIVE_ARCH = YES;
				SDKROOT = iphoneos;
				SWIFT_OPTIMIZATION_LEVEL = "-Onone";
			};
			name = Debug;
		};
		74174BF11C8556660061602B /* Release */ = {
			isa = XCBuildConfiguration;
			buildSettings = {
				ALWAYS_SEARCH_USER_PATHS = NO;
				CLANG_CXX_LANGUAGE_STANDARD = "gnu++0x";
				CLANG_CXX_LIBRARY = "libc++";
				CLANG_ENABLE_MODULES = YES;
				CLANG_ENABLE_OBJC_ARC = YES;
				CLANG_WARN_BOOL_CONVERSION = YES;
				CLANG_WARN_CONSTANT_CONVERSION = YES;
				CLANG_WARN_DIRECT_OBJC_ISA_USAGE = YES_ERROR;
				CLANG_WARN_EMPTY_BODY = YES;
				CLANG_WARN_ENUM_CONVERSION = YES;
				CLANG_WARN_INT_CONVERSION = YES;
				CLANG_WARN_OBJC_ROOT_CLASS = YES_ERROR;
				CLANG_WARN_UNREACHABLE_CODE = YES;
				CLANG_WARN__DUPLICATE_METHOD_MATCH = YES;
				"CODE_SIGN_IDENTITY[sdk=iphoneos*]" = "iPhone Developer";
				COPY_PHASE_STRIP = NO;
				DEBUG_INFORMATION_FORMAT = "dwarf-with-dsym";
				ENABLE_NS_ASSERTIONS = NO;
				ENABLE_STRICT_OBJC_MSGSEND = YES;
				GCC_C_LANGUAGE_STANDARD = gnu99;
				GCC_NO_COMMON_BLOCKS = YES;
				GCC_WARN_64_TO_32_BIT_CONVERSION = YES;
				GCC_WARN_ABOUT_RETURN_TYPE = YES_ERROR;
				GCC_WARN_UNDECLARED_SELECTOR = YES;
				GCC_WARN_UNINITIALIZED_AUTOS = YES_AGGRESSIVE;
				GCC_WARN_UNUSED_FUNCTION = YES;
				GCC_WARN_UNUSED_VARIABLE = YES;
				IPHONEOS_DEPLOYMENT_TARGET = 9.2;
				MTL_ENABLE_DEBUG_INFO = NO;
				SDKROOT = iphoneos;
				VALIDATE_PRODUCT = YES;
			};
			name = Release;
		};
		74174BF31C8556660061602B /* Debug */ = {
			isa = XCBuildConfiguration;
			baseConfigurationReference = E90C32B5B0D83D8734BF6147 /* Pods-InstagramApp.debug.xcconfig */;
			buildSettings = {
				ASSETCATALOG_COMPILER_APPICON_NAME = AppIcon;
				INFOPLIST_FILE = InstagramApp/Info.plist;
				LD_RUNPATH_SEARCH_PATHS = "$(inherited) @executable_path/Frameworks";
				PRODUCT_BUNDLE_IDENTIFIER = com.jinseokpark.InstagramApp;
				PRODUCT_NAME = "$(TARGET_NAME)";
			};
			name = Debug;
		};
		74174BF41C8556660061602B /* Release */ = {
			isa = XCBuildConfiguration;
			baseConfigurationReference = DBFF4807E726068755136830 /* Pods-InstagramApp.release.xcconfig */;
			buildSettings = {
				ASSETCATALOG_COMPILER_APPICON_NAME = AppIcon;
				INFOPLIST_FILE = InstagramApp/Info.plist;
				LD_RUNPATH_SEARCH_PATHS = "$(inherited) @executable_path/Frameworks";
				PRODUCT_BUNDLE_IDENTIFIER = com.jinseokpark.InstagramApp;
				PRODUCT_NAME = "$(TARGET_NAME)";
			};
			name = Release;
		};
/* End XCBuildConfiguration section */

/* Begin XCConfigurationList section */
		74174BDB1C8556660061602B /* Build configuration list for PBXProject "InstagramApp" */ = {
			isa = XCConfigurationList;
			buildConfigurations = (
				74174BF01C8556660061602B /* Debug */,
				74174BF11C8556660061602B /* Release */,
			);
			defaultConfigurationIsVisible = 0;
			defaultConfigurationName = Release;
		};
		74174BF21C8556660061602B /* Build configuration list for PBXNativeTarget "InstagramApp" */ = {
			isa = XCConfigurationList;
			buildConfigurations = (
				74174BF31C8556660061602B /* Debug */,
				74174BF41C8556660061602B /* Release */,
			);
			defaultConfigurationIsVisible = 0;
			defaultConfigurationName = Release;
		};
/* End XCConfigurationList section */
	};
	rootObject = 74174BD81C8556660061602B /* Project object */;
}
